{
  "version": 4,
  "terraform_version": "1.7.4",
  "serial": 5,
  "lineage": "b962ef96-93d2-3a60-ca64-744c431b75f9",
  "outputs": {},
  "resources": [
    {
      "mode": "managed",
      "type": "aws_ami_from_instance",
      "name": "auth_ami",
      "provider": "provider[\"registry.terraform.io/hashicorp/aws\"]",
      "instances": [
        {
          "schema_version": 0,
          "attributes": {
            "architecture": "x86_64",
            "arn": "arn:aws:ec2:eu-west-2::image/ami-090b6e41e60359fab",
            "boot_mode": "",
            "deprecation_time": "",
            "description": "",
            "ebs_block_device": [
              {
                "delete_on_termination": true,
                "device_name": "/dev/sda1",
                "encrypted": false,
                "iops": 0,
                "outpost_arn": "",
                "snapshot_id": "snap-03255a2f04bfefc75",
                "throughput": 0,
                "volume_size": 8,
                "volume_type": "gp2"
              }
            ],
            "ena_support": true,
            "ephemeral_block_device": [
              {
                "device_name": "/dev/sdb",
                "virtual_name": "ephemeral0"
              },
              {
                "device_name": "/dev/sdc",
                "virtual_name": "ephemeral1"
              }
            ],
            "hypervisor": "xen",
            "id": "ami-090b6e41e60359fab",
            "image_location": "637423247328/auth-ami-2024-03-06",
            "image_owner_alias": "",
            "image_type": "machine",
            "imds_support": "",
            "kernel_id": "",
            "manage_ebs_snapshots": true,
            "name": "auth-ami-2024-03-06",
            "owner_id": "637423247328",
            "platform": "",
            "platform_details": "Linux/UNIX",
            "public": false,
            "ramdisk_id": "",
            "root_device_name": "/dev/sda1",
            "root_snapshot_id": "snap-03255a2f04bfefc75",
            "snapshot_without_reboot": true,
            "source_instance_id": "i-0cb961a6736cade50",
            "sriov_net_support": "simple",
            "tags": {
              "Created": "2024-03-06T11:25:36Z",
              "Name": "Auth Service AMI"
            },
            "tags_all": {
              "Created": "2024-03-06T11:25:36Z",
              "Name": "Auth Service AMI"
            },
            "timeouts": null,
            "tpm_support": "",
            "usage_operation": "RunInstances",
            "virtualization_type": "hvm"
          },
          "sensitive_attributes": [],
          "private": "eyJlMmJmYjczMC1lY2FhLTExZTYtOGY4OC0zNDM2M2JjN2M0YzAiOnsiY3JlYXRlIjoyNDAwMDAwMDAwMDAwLCJkZWxldGUiOjU0MDAwMDAwMDAwMDAsInVwZGF0ZSI6MjQwMDAwMDAwMDAwMH19"
        }
      ]
    },
    {
      "mode": "managed",
      "type": "aws_ami_from_instance",
      "name": "heating_ami",
      "provider": "provider[\"registry.terraform.io/hashicorp/aws\"]",
      "instances": [
        {
          "schema_version": 0,
          "attributes": {
            "architecture": "x86_64",
            "arn": "arn:aws:ec2:eu-west-2::image/ami-0bf25de84b5c52753",
            "boot_mode": "",
            "deprecation_time": "",
            "description": "",
            "ebs_block_device": [
              {
                "delete_on_termination": true,
                "device_name": "/dev/sda1",
                "encrypted": false,
                "iops": 0,
                "outpost_arn": "",
                "snapshot_id": "snap-0eb4c44993fc303fc",
                "throughput": 0,
                "volume_size": 8,
                "volume_type": "gp2"
              }
            ],
            "ena_support": true,
            "ephemeral_block_device": [
              {
                "device_name": "/dev/sdb",
                "virtual_name": "ephemeral0"
              },
              {
                "device_name": "/dev/sdc",
                "virtual_name": "ephemeral1"
              }
            ],
            "hypervisor": "xen",
            "id": "ami-0bf25de84b5c52753",
            "image_location": "637423247328/heating-ami-2024-03-06",
            "image_owner_alias": "",
            "image_type": "machine",
            "imds_support": "",
            "kernel_id": "",
            "manage_ebs_snapshots": true,
            "name": "heating-ami-2024-03-06",
            "owner_id": "637423247328",
            "platform": "",
            "platform_details": "Linux/UNIX",
            "public": false,
            "ramdisk_id": "",
            "root_device_name": "/dev/sda1",
            "root_snapshot_id": "snap-0eb4c44993fc303fc",
            "snapshot_without_reboot": true,
            "source_instance_id": "i-0e5bd4724626a6815",
            "sriov_net_support": "simple",
            "tags": {
              "Created": "2024-03-06T11:25:36Z",
              "Name": "Heating Service AMI"
            },
            "tags_all": {
              "Created": "2024-03-06T11:25:36Z",
              "Name": "Heating Service AMI"
            },
            "timeouts": null,
            "tpm_support": "",
            "usage_operation": "RunInstances",
            "virtualization_type": "hvm"
          },
          "sensitive_attributes": [],
          "private": "eyJlMmJmYjczMC1lY2FhLTExZTYtOGY4OC0zNDM2M2JjN2M0YzAiOnsiY3JlYXRlIjoyNDAwMDAwMDAwMDAwLCJkZWxldGUiOjU0MDAwMDAwMDAwMDAsInVwZGF0ZSI6MjQwMDAwMDAwMDAwMH19"
        }
      ]
    },
    {
      "mode": "managed",
      "type": "aws_ami_from_instance",
      "name": "lighting_ami",
      "provider": "provider[\"registry.terraform.io/hashicorp/aws\"]",
      "instances": [
        {
          "schema_version": 0,
          "attributes": {
            "architecture": "x86_64",
            "arn": "arn:aws:ec2:eu-west-2::image/ami-02380c770a60b8287",
            "boot_mode": "",
            "deprecation_time": "",
            "description": "",
            "ebs_block_device": [
              {
                "delete_on_termination": true,
                "device_name": "/dev/sda1",
                "encrypted": false,
                "iops": 0,
                "outpost_arn": "",
                "snapshot_id": "snap-0085829396e51213f",
                "throughput": 0,
                "volume_size": 8,
                "volume_type": "gp2"
              }
            ],
            "ena_support": true,
            "ephemeral_block_device": [
              {
                "device_name": "/dev/sdb",
                "virtual_name": "ephemeral0"
              },
              {
                "device_name": "/dev/sdc",
                "virtual_name": "ephemeral1"
              }
            ],
            "hypervisor": "xen",
            "id": "ami-02380c770a60b8287",
            "image_location": "637423247328/lighting-ami-2024-03-06",
            "image_owner_alias": "",
            "image_type": "machine",
            "imds_support": "",
            "kernel_id": "",
            "manage_ebs_snapshots": true,
            "name": "lighting-ami-2024-03-06",
            "owner_id": "637423247328",
            "platform": "",
            "platform_details": "Linux/UNIX",
            "public": false,
            "ramdisk_id": "",
            "root_device_name": "/dev/sda1",
            "root_snapshot_id": "snap-0085829396e51213f",
            "snapshot_without_reboot": true,
            "source_instance_id": "i-04a97fb411d9376ca",
            "sriov_net_support": "simple",
            "tags": {
              "Created": "2024-03-06T11:25:36Z",
              "Name": "Lighting Service AMI"
            },
            "tags_all": {
              "Created": "2024-03-06T11:25:36Z",
              "Name": "Lighting Service AMI"
            },
            "timeouts": null,
            "tpm_support": "",
            "usage_operation": "RunInstances",
            "virtualization_type": "hvm"
          },
          "sensitive_attributes": [],
          "private": "eyJlMmJmYjczMC1lY2FhLTExZTYtOGY4OC0zNDM2M2JjN2M0YzAiOnsiY3JlYXRlIjoyNDAwMDAwMDAwMDAwLCJkZWxldGUiOjU0MDAwMDAwMDAwMDAsInVwZGF0ZSI6MjQwMDAwMDAwMDAwMH19"
        }
      ]
    },
    {
      "mode": "managed",
      "type": "aws_ami_from_instance",
      "name": "status_ami",
      "provider": "provider[\"registry.terraform.io/hashicorp/aws\"]",
      "instances": [
        {
          "schema_version": 0,
          "attributes": {
            "architecture": "x86_64",
            "arn": "arn:aws:ec2:eu-west-2::image/ami-005fe982a9c63dfd9",
            "boot_mode": "",
            "deprecation_time": "",
            "description": "",
            "ebs_block_device": [
              {
                "delete_on_termination": true,
                "device_name": "/dev/sda1",
                "encrypted": false,
                "iops": 0,
                "outpost_arn": "",
                "snapshot_id": "snap-0e1a844f9de968877",
                "throughput": 0,
                "volume_size": 8,
                "volume_type": "gp2"
              }
            ],
            "ena_support": true,
            "ephemeral_block_device": [
              {
                "device_name": "/dev/sdb",
                "virtual_name": "ephemeral0"
              },
              {
                "device_name": "/dev/sdc",
                "virtual_name": "ephemeral1"
              }
            ],
            "hypervisor": "xen",
            "id": "ami-005fe982a9c63dfd9",
            "image_location": "637423247328/status-ami-2024-03-06",
            "image_owner_alias": "",
            "image_type": "machine",
            "imds_support": "",
            "kernel_id": "",
            "manage_ebs_snapshots": true,
            "name": "status-ami-2024-03-06",
            "owner_id": "637423247328",
            "platform": "",
            "platform_details": "Linux/UNIX",
            "public": false,
            "ramdisk_id": "",
            "root_device_name": "/dev/sda1",
            "root_snapshot_id": "snap-0e1a844f9de968877",
            "snapshot_without_reboot": true,
            "source_instance_id": "i-0509492d4809a724d",
            "sriov_net_support": "simple",
            "tags": {
              "Created": "2024-03-06T11:25:36Z",
              "Name": "Status Service AMI"
            },
            "tags_all": {
              "Created": "2024-03-06T11:25:36Z",
              "Name": "Status Service AMI"
            },
            "timeouts": null,
            "tpm_support": "",
            "usage_operation": "RunInstances",
            "virtualization_type": "hvm"
          },
          "sensitive_attributes": [],
          "private": "eyJlMmJmYjczMC1lY2FhLTExZTYtOGY4OC0zNDM2M2JjN2M0YzAiOnsiY3JlYXRlIjoyNDAwMDAwMDAwMDAwLCJkZWxldGUiOjU0MDAwMDAwMDAwMDAsInVwZGF0ZSI6MjQwMDAwMDAwMDAwMH19"
        }
      ]
    }
  ],
  "check_results": null
}
